// !$*UTF8*$!
{
	archiveVersion = 1;
	classes = {
	};
	objectVersion = 55;
	objects = {

/* Begin PBXBuildFile section */
		1F75168726223C580015A8EF /* IOSNordMidiMapperApp.swift in Sources */ = {isa = PBXBuildFile; fileRef = 1F75168626223C580015A8EF /* IOSNordMidiMapperApp.swift */; };
		1F75168926223C580015A8EF /* DivicesListView.swift in Sources */ = {isa = PBXBuildFile; fileRef = 1F75168826223C580015A8EF /* DivicesListView.swift */; };
		1F75168B26223C5A0015A8EF /* Assets.xcassets in Resources */ = {isa = PBXBuildFile; fileRef = 1F75168A26223C5A0015A8EF /* Assets.xcassets */; };
		1F75168E26223C5A0015A8EF /* Preview Assets.xcassets in Resources */ = {isa = PBXBuildFile; fileRef = 1F75168D26223C5A0015A8EF /* Preview Assets.xcassets */; };
		1F75169926223C5B0015A8EF /* IOSNordMidiMapperTests.swift in Sources */ = {isa = PBXBuildFile; fileRef = 1F75169826223C5B0015A8EF /* IOSNordMidiMapperTests.swift */; };
		1F7516A426223C5B0015A8EF /* IOSNordMidiMapperUITests.swift in Sources */ = {isa = PBXBuildFile; fileRef = 1F7516A326223C5B0015A8EF /* IOSNordMidiMapperUITests.swift */; };
		1FE405EE2840D36900B1C1D8 /* DeviceView.swift in Sources */ = {isa = PBXBuildFile; fileRef = 1FE405ED2840D36900B1C1D8 /* DeviceView.swift */; };
		1FE405F12840E4D700B1C1D8 /* MidiModel.swift in Sources */ = {isa = PBXBuildFile; fileRef = 1FE405F02840E4D700B1C1D8 /* MidiModel.swift */; };
		1FE405F32840F76200B1C1D8 /* Mode.swift in Sources */ = {isa = PBXBuildFile; fileRef = 1FE405F22840F76200B1C1D8 /* Mode.swift */; };
		1FE405F62841120E00B1C1D8 /* ModeLive1To5Bank7.swift in Sources */ = {isa = PBXBuildFile; fileRef = 1FE405F52841120E00B1C1D8 /* ModeLive1To5Bank7.swift */; };
		1FE405F8284112EF00B1C1D8 /* ModeCollection.swift in Sources */ = {isa = PBXBuildFile; fileRef = 1FE405F7284112EF00B1C1D8 /* ModeCollection.swift */; };
		1FE405FA2841148F00B1C1D8 /* MapperModelNord.swift in Sources */ = {isa = PBXBuildFile; fileRef = 1FE405F92841148F00B1C1D8 /* MapperModelNord.swift */; };
		1FE405FC2841405A00B1C1D8 /* GenericMode.swift in Sources */ = {isa = PBXBuildFile; fileRef = 1FE405FB2841405A00B1C1D8 /* GenericMode.swift */; };
		1FE405FE284150C400B1C1D8 /* ModeLive1ToXBank7.swift in Sources */ = {isa = PBXBuildFile; fileRef = 1FE405FD284150C400B1C1D8 /* ModeLive1ToXBank7.swift */; };
		1FE406002841515F00B1C1D8 /* NordNumberUtil.swift in Sources */ = {isa = PBXBuildFile; fileRef = 1FE405FF2841515F00B1C1D8 /* NordNumberUtil.swift */; };
		1FE406022841565B00B1C1D8 /* NumberKeyLimitation.swift in Sources */ = {isa = PBXBuildFile; fileRef = 1FE406012841565B00B1C1D8 /* NumberKeyLimitation.swift */; };
		1FE40605284202E300B1C1D8 /* TextField.swift in Sources */ = {isa = PBXBuildFile; fileRef = 1FE40604284202E300B1C1D8 /* TextField.swift */; };
		1FE406072842031E00B1C1D8 /* TextFieldNord.swift in Sources */ = {isa = PBXBuildFile; fileRef = 1FE406062842031E00B1C1D8 /* TextFieldNord.swift */; };
		1FE4060A2842058F00B1C1D8 /* GenericDeviceModel.swift in Sources */ = {isa = PBXBuildFile; fileRef = 1FE406092842058F00B1C1D8 /* GenericDeviceModel.swift */; };
		1FE4060C2842086400B1C1D8 /* NordStage3Node.swift in Sources */ = {isa = PBXBuildFile; fileRef = 1FE4060B2842086400B1C1D8 /* NordStage3Node.swift */; };
		1FE4060E28420A5500B1C1D8 /* DeviceNodeModelItems.swift in Sources */ = {isa = PBXBuildFile; fileRef = 1FE4060D28420A5500B1C1D8 /* DeviceNodeModelItems.swift */; };
		1FE4061028420E2E00B1C1D8 /* NordElectro5Node.swift in Sources */ = {isa = PBXBuildFile; fileRef = 1FE4060F28420E2E00B1C1D8 /* NordElectro5Node.swift */; };
/* End PBXBuildFile section */

/* Begin PBXContainerItemProxy section */
		1F75169526223C5B0015A8EF /* PBXContainerItemProxy */ = {
			isa = PBXContainerItemProxy;
			containerPortal = 1F75167B26223C580015A8EF /* Project object */;
			proxyType = 1;
			remoteGlobalIDString = 1F75168226223C580015A8EF;
			remoteInfo = IOSNordMidiMapper;
		};
		1F7516A026223C5B0015A8EF /* PBXContainerItemProxy */ = {
			isa = PBXContainerItemProxy;
			containerPortal = 1F75167B26223C580015A8EF /* Project object */;
			proxyType = 1;
			remoteGlobalIDString = 1F75168226223C580015A8EF;
			remoteInfo = IOSNordMidiMapper;
		};
/* End PBXContainerItemProxy section */

/* Begin PBXFileReference section */
		1F75168326223C580015A8EF /* IOSNordMidiMapper.app */ = {isa = PBXFileReference; explicitFileType = wrapper.application; includeInIndex = 0; path = IOSNordMidiMapper.app; sourceTree = BUILT_PRODUCTS_DIR; };
		1F75168626223C580015A8EF /* IOSNordMidiMapperApp.swift */ = {isa = PBXFileReference; lastKnownFileType = sourcecode.swift; path = IOSNordMidiMapperApp.swift; sourceTree = "<group>"; };
		1F75168826223C580015A8EF /* DivicesListView.swift */ = {isa = PBXFileReference; lastKnownFileType = sourcecode.swift; path = DivicesListView.swift; sourceTree = "<group>"; };
		1F75168A26223C5A0015A8EF /* Assets.xcassets */ = {isa = PBXFileReference; lastKnownFileType = folder.assetcatalog; path = Assets.xcassets; sourceTree = "<group>"; };
		1F75168D26223C5A0015A8EF /* Preview Assets.xcassets */ = {isa = PBXFileReference; lastKnownFileType = folder.assetcatalog; path = "Preview Assets.xcassets"; sourceTree = "<group>"; };
		1F75168F26223C5A0015A8EF /* Info.plist */ = {isa = PBXFileReference; lastKnownFileType = text.plist.xml; path = Info.plist; sourceTree = "<group>"; };
		1F75169426223C5B0015A8EF /* IOSNordMidiMapperTests.xctest */ = {isa = PBXFileReference; explicitFileType = wrapper.cfbundle; includeInIndex = 0; path = IOSNordMidiMapperTests.xctest; sourceTree = BUILT_PRODUCTS_DIR; };
		1F75169826223C5B0015A8EF /* IOSNordMidiMapperTests.swift */ = {isa = PBXFileReference; lastKnownFileType = sourcecode.swift; path = IOSNordMidiMapperTests.swift; sourceTree = "<group>"; };
		1F75169A26223C5B0015A8EF /* Info.plist */ = {isa = PBXFileReference; lastKnownFileType = text.plist.xml; path = Info.plist; sourceTree = "<group>"; };
		1F75169F26223C5B0015A8EF /* IOSNordMidiMapperUITests.xctest */ = {isa = PBXFileReference; explicitFileType = wrapper.cfbundle; includeInIndex = 0; path = IOSNordMidiMapperUITests.xctest; sourceTree = BUILT_PRODUCTS_DIR; };
		1F7516A326223C5B0015A8EF /* IOSNordMidiMapperUITests.swift */ = {isa = PBXFileReference; lastKnownFileType = sourcecode.swift; path = IOSNordMidiMapperUITests.swift; sourceTree = "<group>"; };
		1F7516A526223C5B0015A8EF /* Info.plist */ = {isa = PBXFileReference; lastKnownFileType = text.plist.xml; path = Info.plist; sourceTree = "<group>"; };
		1FE405ED2840D36900B1C1D8 /* DeviceView.swift */ = {isa = PBXFileReference; lastKnownFileType = sourcecode.swift; path = DeviceView.swift; sourceTree = "<group>"; };
		1FE405F02840E4D700B1C1D8 /* MidiModel.swift */ = {isa = PBXFileReference; lastKnownFileType = sourcecode.swift; path = MidiModel.swift; sourceTree = "<group>"; };
		1FE405F22840F76200B1C1D8 /* Mode.swift */ = {isa = PBXFileReference; lastKnownFileType = sourcecode.swift; path = Mode.swift; sourceTree = "<group>"; };
		1FE405F52841120E00B1C1D8 /* ModeLive1To5Bank7.swift */ = {isa = PBXFileReference; lastKnownFileType = sourcecode.swift; path = ModeLive1To5Bank7.swift; sourceTree = "<group>"; };
		1FE405F7284112EF00B1C1D8 /* ModeCollection.swift */ = {isa = PBXFileReference; lastKnownFileType = sourcecode.swift; path = ModeCollection.swift; sourceTree = "<group>"; };
		1FE405F92841148F00B1C1D8 /* MapperModelNord.swift */ = {isa = PBXFileReference; lastKnownFileType = sourcecode.swift; path = MapperModelNord.swift; sourceTree = "<group>"; };
		1FE405FB2841405A00B1C1D8 /* GenericMode.swift */ = {isa = PBXFileReference; lastKnownFileType = sourcecode.swift; path = GenericMode.swift; sourceTree = "<group>"; };
		1FE405FD284150C400B1C1D8 /* ModeLive1ToXBank7.swift */ = {isa = PBXFileReference; lastKnownFileType = sourcecode.swift; path = ModeLive1ToXBank7.swift; sourceTree = "<group>"; };
		1FE405FF2841515F00B1C1D8 /* NordNumberUtil.swift */ = {isa = PBXFileReference; lastKnownFileType = sourcecode.swift; path = NordNumberUtil.swift; sourceTree = "<group>"; };
		1FE406012841565B00B1C1D8 /* NumberKeyLimitation.swift */ = {isa = PBXFileReference; lastKnownFileType = sourcecode.swift; path = NumberKeyLimitation.swift; sourceTree = "<group>"; };
		1FE40604284202E300B1C1D8 /* TextField.swift */ = {isa = PBXFileReference; lastKnownFileType = sourcecode.swift; path = TextField.swift; sourceTree = "<group>"; };
		1FE406062842031E00B1C1D8 /* TextFieldNord.swift */ = {isa = PBXFileReference; lastKnownFileType = sourcecode.swift; path = TextFieldNord.swift; sourceTree = "<group>"; };
		1FE406092842058F00B1C1D8 /* GenericDeviceModel.swift */ = {isa = PBXFileReference; lastKnownFileType = sourcecode.swift; path = GenericDeviceModel.swift; sourceTree = "<group>"; };
		1FE4060B2842086400B1C1D8 /* NordStage3Node.swift */ = {isa = PBXFileReference; lastKnownFileType = sourcecode.swift; path = NordStage3Node.swift; sourceTree = "<group>"; };
		1FE4060D28420A5500B1C1D8 /* DeviceNodeModelItems.swift */ = {isa = PBXFileReference; lastKnownFileType = sourcecode.swift; path = DeviceNodeModelItems.swift; sourceTree = "<group>"; };
		1FE4060F28420E2E00B1C1D8 /* NordElectro5Node.swift */ = {isa = PBXFileReference; lastKnownFileType = sourcecode.swift; path = NordElectro5Node.swift; sourceTree = "<group>"; };
/* End PBXFileReference section */

/* Begin PBXFrameworksBuildPhase section */
		1F75168026223C580015A8EF /* Frameworks */ = {
			isa = PBXFrameworksBuildPhase;
			buildActionMask = 2147483647;
			files = (
			);
			runOnlyForDeploymentPostprocessing = 0;
		};
		1F75169126223C5B0015A8EF /* Frameworks */ = {
			isa = PBXFrameworksBuildPhase;
			buildActionMask = 2147483647;
			files = (
			);
			runOnlyForDeploymentPostprocessing = 0;
		};
		1F75169C26223C5B0015A8EF /* Frameworks */ = {
			isa = PBXFrameworksBuildPhase;
			buildActionMask = 2147483647;
			files = (
			);
			runOnlyForDeploymentPostprocessing = 0;
		};
/* End PBXFrameworksBuildPhase section */

/* Begin PBXGroup section */
		1F75167A26223C580015A8EF = {
			isa = PBXGroup;
			children = (
				1F75168526223C580015A8EF /* IOSNordMidiMapper */,
				1F75169726223C5B0015A8EF /* IOSNordMidiMapperTests */,
				1F7516A226223C5B0015A8EF /* IOSNordMidiMapperUITests */,
				1F75168426223C580015A8EF /* Products */,
			);
			sourceTree = "<group>";
		};
		1F75168426223C580015A8EF /* Products */ = {
			isa = PBXGroup;
			children = (
				1F75168326223C580015A8EF /* IOSNordMidiMapper.app */,
				1F75169426223C5B0015A8EF /* IOSNordMidiMapperTests.xctest */,
				1F75169F26223C5B0015A8EF /* IOSNordMidiMapperUITests.xctest */,
			);
			name = Products;
			sourceTree = "<group>";
		};
		1F75168526223C580015A8EF /* IOSNordMidiMapper */ = {
			isa = PBXGroup;
			children = (
				1FE406082842050F00B1C1D8 /* devices */,
				1FE40603284202B600B1C1D8 /* node */,
				1FE405EF2840E4B000B1C1D8 /* mode */,
				1F75168626223C580015A8EF /* IOSNordMidiMapperApp.swift */,
				1F75168826223C580015A8EF /* DivicesListView.swift */,
				1F75168A26223C5A0015A8EF /* Assets.xcassets */,
				1F75168F26223C5A0015A8EF /* Info.plist */,
				1F75168C26223C5A0015A8EF /* Preview Content */,
				1FE405ED2840D36900B1C1D8 /* DeviceView.swift */,
				1FE4060D28420A5500B1C1D8 /* DeviceNodeModelItems.swift */,
			);
			path = IOSNordMidiMapper;
			sourceTree = "<group>";
		};
		1F75168C26223C5A0015A8EF /* Preview Content */ = {
			isa = PBXGroup;
			children = (
				1F75168D26223C5A0015A8EF /* Preview Assets.xcassets */,
			);
			path = "Preview Content";
			sourceTree = "<group>";
		};
		1F75169726223C5B0015A8EF /* IOSNordMidiMapperTests */ = {
			isa = PBXGroup;
			children = (
				1F75169826223C5B0015A8EF /* IOSNordMidiMapperTests.swift */,
				1F75169A26223C5B0015A8EF /* Info.plist */,
			);
			path = IOSNordMidiMapperTests;
			sourceTree = "<group>";
		};
		1F7516A226223C5B0015A8EF /* IOSNordMidiMapperUITests */ = {
			isa = PBXGroup;
			children = (
				1F7516A326223C5B0015A8EF /* IOSNordMidiMapperUITests.swift */,
				1F7516A526223C5B0015A8EF /* Info.plist */,
			);
			path = IOSNordMidiMapperUITests;
			sourceTree = "<group>";
		};
		1FE405EF2840E4B000B1C1D8 /* mode */ = {
			isa = PBXGroup;
			children = (
				1FE405F4284111FF00B1C1D8 /* live */,
				1FE405F02840E4D700B1C1D8 /* MidiModel.swift */,
				1FE405F22840F76200B1C1D8 /* Mode.swift */,
				1FE405F7284112EF00B1C1D8 /* ModeCollection.swift */,
				1FE405F92841148F00B1C1D8 /* MapperModelNord.swift */,
				1FE405FB2841405A00B1C1D8 /* GenericMode.swift */,
				1FE405FF2841515F00B1C1D8 /* NordNumberUtil.swift */,
				1FE406012841565B00B1C1D8 /* NumberKeyLimitation.swift */,
			);
			path = mode;
			sourceTree = "<group>";
		};
		1FE405F4284111FF00B1C1D8 /* live */ = {
			isa = PBXGroup;
			children = (
				1FE405F52841120E00B1C1D8 /* ModeLive1To5Bank7.swift */,
				1FE405FD284150C400B1C1D8 /* ModeLive1ToXBank7.swift */,
			);
			path = live;
			sourceTree = "<group>";
		};
		1FE40603284202B600B1C1D8 /* node */ = {
			isa = PBXGroup;
			children = (
				1FE40604284202E300B1C1D8 /* TextField.swift */,
				1FE406062842031E00B1C1D8 /* TextFieldNord.swift */,
				1FE406092842058F00B1C1D8 /* GenericDeviceModel.swift */,
			);
			path = node;
			sourceTree = "<group>";
		};
		1FE406082842050F00B1C1D8 /* devices */ = {
			isa = PBXGroup;
			children = (
				1FE4060B2842086400B1C1D8 /* NordStage3Node.swift */,
				1FE4060F28420E2E00B1C1D8 /* NordElectro5Node.swift */,
			);
			path = devices;
			sourceTree = "<group>";
		};
/* End PBXGroup section */

/* Begin PBXNativeTarget section */
		1F75168226223C580015A8EF /* IOSNordMidiMapper */ = {
			isa = PBXNativeTarget;
			buildConfigurationList = 1F7516A826223C5B0015A8EF /* Build configuration list for PBXNativeTarget "IOSNordMidiMapper" */;
			buildPhases = (
				1F75167F26223C580015A8EF /* Sources */,
				1F75168026223C580015A8EF /* Frameworks */,
				1F75168126223C580015A8EF /* Resources */,
			);
			buildRules = (
			);
			dependencies = (
			);
			name = IOSNordMidiMapper;
			productName = IOSNordMidiMapper;
			productReference = 1F75168326223C580015A8EF /* IOSNordMidiMapper.app */;
			productType = "com.apple.product-type.application";
		};
		1F75169326223C5B0015A8EF /* IOSNordMidiMapperTests */ = {
			isa = PBXNativeTarget;
			buildConfigurationList = 1F7516AB26223C5B0015A8EF /* Build configuration list for PBXNativeTarget "IOSNordMidiMapperTests" */;
			buildPhases = (
				1F75169026223C5B0015A8EF /* Sources */,
				1F75169126223C5B0015A8EF /* Frameworks */,
				1F75169226223C5B0015A8EF /* Resources */,
			);
			buildRules = (
			);
			dependencies = (
				1F75169626223C5B0015A8EF /* PBXTargetDependency */,
			);
			name = IOSNordMidiMapperTests;
			productName = IOSNordMidiMapperTests;
			productReference = 1F75169426223C5B0015A8EF /* IOSNordMidiMapperTests.xctest */;
			productType = "com.apple.product-type.bundle.unit-test";
		};
		1F75169E26223C5B0015A8EF /* IOSNordMidiMapperUITests */ = {
			isa = PBXNativeTarget;
			buildConfigurationList = 1F7516AE26223C5B0015A8EF /* Build configuration list for PBXNativeTarget "IOSNordMidiMapperUITests" */;
			buildPhases = (
				1F75169B26223C5B0015A8EF /* Sources */,
				1F75169C26223C5B0015A8EF /* Frameworks */,
				1F75169D26223C5B0015A8EF /* Resources */,
			);
			buildRules = (
			);
			dependencies = (
				1F7516A126223C5B0015A8EF /* PBXTargetDependency */,
			);
			name = IOSNordMidiMapperUITests;
			productName = IOSNordMidiMapperUITests;
			productReference = 1F75169F26223C5B0015A8EF /* IOSNordMidiMapperUITests.xctest */;
			productType = "com.apple.product-type.bundle.ui-testing";
		};
/* End PBXNativeTarget section */

/* Begin PBXProject section */
		1F75167B26223C580015A8EF /* Project object */ = {
			isa = PBXProject;
			attributes = {
				LastSwiftUpdateCheck = 1240;
				LastUpgradeCheck = 1240;
				TargetAttributes = {
					1F75168226223C580015A8EF = {
						CreatedOnToolsVersion = 12.4;
					};
					1F75169326223C5B0015A8EF = {
						CreatedOnToolsVersion = 12.4;
						TestTargetID = 1F75168226223C580015A8EF;
					};
					1F75169E26223C5B0015A8EF = {
						CreatedOnToolsVersion = 12.4;
						TestTargetID = 1F75168226223C580015A8EF;
					};
				};
			};
			buildConfigurationList = 1F75167E26223C580015A8EF /* Build configuration list for PBXProject "IOSNordMidiMapper" */;
			compatibilityVersion = "Xcode 13.0";
			developmentRegion = en;
			hasScannedForEncodings = 0;
			knownRegions = (
				en,
				Base,
			);
			mainGroup = 1F75167A26223C580015A8EF;
			productRefGroup = 1F75168426223C580015A8EF /* Products */;
			projectDirPath = "";
			projectRoot = "";
			targets = (
				1F75168226223C580015A8EF /* IOSNordMidiMapper */,
				1F75169326223C5B0015A8EF /* IOSNordMidiMapperTests */,
				1F75169E26223C5B0015A8EF /* IOSNordMidiMapperUITests */,
			);
		};
/* End PBXProject section */

/* Begin PBXResourcesBuildPhase section */
		1F75168126223C580015A8EF /* Resources */ = {
			isa = PBXResourcesBuildPhase;
			buildActionMask = 2147483647;
			files = (
				1F75168E26223C5A0015A8EF /* Preview Assets.xcassets in Resources */,
				1F75168B26223C5A0015A8EF /* Assets.xcassets in Resources */,
			);
			runOnlyForDeploymentPostprocessing = 0;
		};
		1F75169226223C5B0015A8EF /* Resources */ = {
			isa = PBXResourcesBuildPhase;
			buildActionMask = 2147483647;
			files = (
			);
			runOnlyForDeploymentPostprocessing = 0;
		};
		1F75169D26223C5B0015A8EF /* Resources */ = {
			isa = PBXResourcesBuildPhase;
			buildActionMask = 2147483647;
			files = (
			);
			runOnlyForDeploymentPostprocessing = 0;
		};
/* End PBXResourcesBuildPhase section */

/* Begin PBXSourcesBuildPhase section */
		1F75167F26223C580015A8EF /* Sources */ = {
			isa = PBXSourcesBuildPhase;
			buildActionMask = 2147483647;
			files = (
				1FE405FC2841405A00B1C1D8 /* GenericMode.swift in Sources */,
				1FE405F8284112EF00B1C1D8 /* ModeCollection.swift in Sources */,
				1FE406072842031E00B1C1D8 /* TextFieldNord.swift in Sources */,
				1FE405FA2841148F00B1C1D8 /* MapperModelNord.swift in Sources */,
				1F75168926223C580015A8EF /* DivicesListView.swift in Sources */,
				1FE405F32840F76200B1C1D8 /* Mode.swift in Sources */,
				1FE40605284202E300B1C1D8 /* TextField.swift in Sources */,
				1F75168726223C580015A8EF /* IOSNordMidiMapperApp.swift in Sources */,
				1FE406002841515F00B1C1D8 /* NordNumberUtil.swift in Sources */,
				1FE405FE284150C400B1C1D8 /* ModeLive1ToXBank7.swift in Sources */,
				1FE406022841565B00B1C1D8 /* NumberKeyLimitation.swift in Sources */,
				1FE4061028420E2E00B1C1D8 /* NordElectro5Node.swift in Sources */,
				1FE405F62841120E00B1C1D8 /* ModeLive1To5Bank7.swift in Sources */,
				1FE405F12840E4D700B1C1D8 /* MidiModel.swift in Sources */,
				1FE4060A2842058F00B1C1D8 /* GenericDeviceModel.swift in Sources */,
				1FE4060E28420A5500B1C1D8 /* DeviceNodeModelItems.swift in Sources */,
				1FE405EE2840D36900B1C1D8 /* DeviceView.swift in Sources */,
				1FE4060C2842086400B1C1D8 /* NordStage3Node.swift in Sources */,
			);
			runOnlyForDeploymentPostprocessing = 0;
		};
		1F75169026223C5B0015A8EF /* Sources */ = {
			isa = PBXSourcesBuildPhase;
			buildActionMask = 2147483647;
			files = (
				1F75169926223C5B0015A8EF /* IOSNordMidiMapperTests.swift in Sources */,
			);
			runOnlyForDeploymentPostprocessing = 0;
		};
		1F75169B26223C5B0015A8EF /* Sources */ = {
			isa = PBXSourcesBuildPhase;
			buildActionMask = 2147483647;
			files = (
				1F7516A426223C5B0015A8EF /* IOSNordMidiMapperUITests.swift in Sources */,
			);
			runOnlyForDeploymentPostprocessing = 0;
		};
/* End PBXSourcesBuildPhase section */

/* Begin PBXTargetDependency section */
		1F75169626223C5B0015A8EF /* PBXTargetDependency */ = {
			isa = PBXTargetDependency;
			target = 1F75168226223C580015A8EF /* IOSNordMidiMapper */;
			targetProxy = 1F75169526223C5B0015A8EF /* PBXContainerItemProxy */;
		};
		1F7516A126223C5B0015A8EF /* PBXTargetDependency */ = {
			isa = PBXTargetDependency;
			target = 1F75168226223C580015A8EF /* IOSNordMidiMapper */;
			targetProxy = 1F7516A026223C5B0015A8EF /* PBXContainerItemProxy */;
		};
/* End PBXTargetDependency section */

/* Begin XCBuildConfiguration section */
		1F7516A626223C5B0015A8EF /* Debug */ = {
			isa = XCBuildConfiguration;
			buildSettings = {
				ALWAYS_SEARCH_USER_PATHS = NO;
				CLANG_ANALYZER_NONNULL = YES;
				CLANG_ANALYZER_NUMBER_OBJECT_CONVERSION = YES_AGGRESSIVE;
				CLANG_CXX_LANGUAGE_STANDARD = "gnu++14";
				CLANG_CXX_LIBRARY = "libc++";
				CLANG_ENABLE_MODULES = YES;
				CLANG_ENABLE_OBJC_ARC = YES;
				CLANG_ENABLE_OBJC_WEAK = YES;
				CLANG_WARN_BLOCK_CAPTURE_AUTORELEASING = YES;
				CLANG_WARN_BOOL_CONVERSION = YES;
				CLANG_WARN_COMMA = YES;
				CLANG_WARN_CONSTANT_CONVERSION = YES;
				CLANG_WARN_DEPRECATED_OBJC_IMPLEMENTATIONS = YES;
				CLANG_WARN_DIRECT_OBJC_ISA_USAGE = YES_ERROR;
				CLANG_WARN_DOCUMENTATION_COMMENTS = YES;
				CLANG_WARN_EMPTY_BODY = YES;
				CLANG_WARN_ENUM_CONVERSION = YES;
				CLANG_WARN_INFINITE_RECURSION = YES;
				CLANG_WARN_INT_CONVERSION = YES;
				CLANG_WARN_NON_LITERAL_NULL_CONVERSION = YES;
				CLANG_WARN_OBJC_IMPLICIT_RETAIN_SELF = YES;
				CLANG_WARN_OBJC_LITERAL_CONVERSION = YES;
				CLANG_WARN_OBJC_ROOT_CLASS = YES_ERROR;
				CLANG_WARN_QUOTED_INCLUDE_IN_FRAMEWORK_HEADER = YES;
				CLANG_WARN_RANGE_LOOP_ANALYSIS = YES;
				CLANG_WARN_STRICT_PROTOTYPES = YES;
				CLANG_WARN_SUSPICIOUS_MOVE = YES;
				CLANG_WARN_UNGUARDED_AVAILABILITY = YES_AGGRESSIVE;
				CLANG_WARN_UNREACHABLE_CODE = YES;
				CLANG_WARN__DUPLICATE_METHOD_MATCH = YES;
				COPY_PHASE_STRIP = NO;
				DEBUG_INFORMATION_FORMAT = dwarf;
				ENABLE_STRICT_OBJC_MSGSEND = YES;
				ENABLE_TESTABILITY = YES;
				GCC_C_LANGUAGE_STANDARD = gnu11;
				GCC_DYNAMIC_NO_PIC = NO;
				GCC_NO_COMMON_BLOCKS = YES;
				GCC_OPTIMIZATION_LEVEL = 0;
				GCC_PREPROCESSOR_DEFINITIONS = (
					"DEBUG=1",
					"$(inherited)",
				);
				GCC_WARN_64_TO_32_BIT_CONVERSION = YES;
				GCC_WARN_ABOUT_RETURN_TYPE = YES_ERROR;
				GCC_WARN_UNDECLARED_SELECTOR = YES;
				GCC_WARN_UNINITIALIZED_AUTOS = YES_AGGRESSIVE;
				GCC_WARN_UNUSED_FUNCTION = YES;
				GCC_WARN_UNUSED_VARIABLE = YES;
				IPHONEOS_DEPLOYMENT_TARGET = 15.3;
				MTL_ENABLE_DEBUG_INFO = INCLUDE_SOURCE;
				MTL_FAST_MATH = YES;
				ONLY_ACTIVE_ARCH = YES;
				SDKROOT = iphoneos;
				SWIFT_ACTIVE_COMPILATION_CONDITIONS = DEBUG;
				SWIFT_OPTIMIZATION_LEVEL = "-Onone";
			};
			name = Debug;
		};
		1F7516A726223C5B0015A8EF /* Release */ = {
			isa = XCBuildConfiguration;
			buildSettings = {
				ALWAYS_SEARCH_USER_PATHS = NO;
				CLANG_ANALYZER_NONNULL = YES;
				CLANG_ANALYZER_NUMBER_OBJECT_CONVERSION = YES_AGGRESSIVE;
				CLANG_CXX_LANGUAGE_STANDARD = "gnu++14";
				CLANG_CXX_LIBRARY = "libc++";
				CLANG_ENABLE_MODULES = YES;
				CLANG_ENABLE_OBJC_ARC = YES;
				CLANG_ENABLE_OBJC_WEAK = YES;
				CLANG_WARN_BLOCK_CAPTURE_AUTORELEASING = YES;
				CLANG_WARN_BOOL_CONVERSION = YES;
				CLANG_WARN_COMMA = YES;
				CLANG_WARN_CONSTANT_CONVERSION = YES;
				CLANG_WARN_DEPRECATED_OBJC_IMPLEMENTATIONS = YES;
				CLANG_WARN_DIRECT_OBJC_ISA_USAGE = YES_ERROR;
				CLANG_WARN_DOCUMENTATION_COMMENTS = YES;
				CLANG_WARN_EMPTY_BODY = YES;
				CLANG_WARN_ENUM_CONVERSION = YES;
				CLANG_WARN_INFINITE_RECURSION = YES;
				CLANG_WARN_INT_CONVERSION = YES;
				CLANG_WARN_NON_LITERAL_NULL_CONVERSION = YES;
				CLANG_WARN_OBJC_IMPLICIT_RETAIN_SELF = YES;
				CLANG_WARN_OBJC_LITERAL_CONVERSION = YES;
				CLANG_WARN_OBJC_ROOT_CLASS = YES_ERROR;
				CLANG_WARN_QUOTED_INCLUDE_IN_FRAMEWORK_HEADER = YES;
				CLANG_WARN_RANGE_LOOP_ANALYSIS = YES;
				CLANG_WARN_STRICT_PROTOTYPES = YES;
				CLANG_WARN_SUSPICIOUS_MOVE = YES;
				CLANG_WARN_UNGUARDED_AVAILABILITY = YES_AGGRESSIVE;
				CLANG_WARN_UNREACHABLE_CODE = YES;
				CLANG_WARN__DUPLICATE_METHOD_MATCH = YES;
				COPY_PHASE_STRIP = NO;
				DEBUG_INFORMATION_FORMAT = "dwarf-with-dsym";
				ENABLE_NS_ASSERTIONS = NO;
				ENABLE_STRICT_OBJC_MSGSEND = YES;
				GCC_C_LANGUAGE_STANDARD = gnu11;
				GCC_NO_COMMON_BLOCKS = YES;
				GCC_WARN_64_TO_32_BIT_CONVERSION = YES;
				GCC_WARN_ABOUT_RETURN_TYPE = YES_ERROR;
				GCC_WARN_UNDECLARED_SELECTOR = YES;
				GCC_WARN_UNINITIALIZED_AUTOS = YES_AGGRESSIVE;
				GCC_WARN_UNUSED_FUNCTION = YES;
				GCC_WARN_UNUSED_VARIABLE = YES;
				IPHONEOS_DEPLOYMENT_TARGET = 15.3;
				MTL_ENABLE_DEBUG_INFO = NO;
				MTL_FAST_MATH = YES;
				SDKROOT = iphoneos;
				SWIFT_COMPILATION_MODE = wholemodule;
				SWIFT_OPTIMIZATION_LEVEL = "-O";
				VALIDATE_PRODUCT = YES;
			};
			name = Release;
		};
		1F7516A926223C5B0015A8EF /* Debug */ = {
			isa = XCBuildConfiguration;
			buildSettings = {
				ASSETCATALOG_COMPILER_APPICON_NAME = AppIcon;
				ASSETCATALOG_COMPILER_GLOBAL_ACCENT_COLOR_NAME = AccentColor;
				CODE_SIGN_STYLE = Automatic;
				DEVELOPMENT_ASSET_PATHS = "\"IOSNordMidiMapper/Preview Content\"";
				ENABLE_PREVIEWS = YES;
				INFOPLIST_FILE = IOSNordMidiMapper/Info.plist;
				IPHONEOS_DEPLOYMENT_TARGET = 14.0;
				LD_RUNPATH_SEARCH_PATHS = (
					"$(inherited)",
					"@executable_path/Frameworks",
				);
				PRODUCT_BUNDLE_IDENTIFIER = de.schroederonline.IOSNordMidiMapper;
				PRODUCT_NAME = "$(TARGET_NAME)";
				SWIFT_VERSION = 5.0;
				TARGETED_DEVICE_FAMILY = "1,2";
			};
			name = Debug;
		};
		1F7516AA26223C5B0015A8EF /* Release */ = {
			isa = XCBuildConfiguration;
			buildSettings = {
				ASSETCATALOG_COMPILER_APPICON_NAME = AppIcon;
				ASSETCATALOG_COMPILER_GLOBAL_ACCENT_COLOR_NAME = AccentColor;
				CODE_SIGN_STYLE = Automatic;
				DEVELOPMENT_ASSET_PATHS = "\"IOSNordMidiMapper/Preview Content\"";
				ENABLE_PREVIEWS = YES;
				INFOPLIST_FILE = IOSNordMidiMapper/Info.plist;
				IPHONEOS_DEPLOYMENT_TARGET = 14.0;
				LD_RUNPATH_SEARCH_PATHS = (
					"$(inherited)",
					"@executable_path/Frameworks",
				);
				PRODUCT_BUNDLE_IDENTIFIER = de.schroederonline.IOSNordMidiMapper;
				PRODUCT_NAME = "$(TARGET_NAME)";
				SWIFT_VERSION = 5.0;
				TARGETED_DEVICE_FAMILY = "1,2";
			};
			name = Release;
		};
		1F7516AC26223C5B0015A8EF /* Debug */ = {
			isa = XCBuildConfiguration;
			buildSettings = {
				ALWAYS_EMBED_SWIFT_STANDARD_LIBRARIES = YES;
				BUNDLE_LOADER = "$(TEST_HOST)";
				CODE_SIGN_STYLE = Automatic;
				INFOPLIST_FILE = IOSNordMidiMapperTests/Info.plist;
				IPHONEOS_DEPLOYMENT_TARGET = 14.0;
				LD_RUNPATH_SEARCH_PATHS = (
					"$(inherited)",
					"@executable_path/Frameworks",
					"@loader_path/Frameworks",
				);
				PRODUCT_BUNDLE_IDENTIFIER = de.schroederonline.IOSNordMidiMapperTests;
				PRODUCT_NAME = "$(TARGET_NAME)";
				SWIFT_VERSION = 5.0;
				TARGETED_DEVICE_FAMILY = "1,2";
				TEST_HOST = "$(BUILT_PRODUCTS_DIR)/IOSNordMidiMapper.app/IOSNordMidiMapper";
			};
			name = Debug;
		};
		1F7516AD26223C5B0015A8EF /* Release */ = {
			isa = XCBuildConfiguration;
			buildSettings = {
				ALWAYS_EMBED_SWIFT_STANDARD_LIBRARIES = YES;
				BUNDLE_LOADER = "$(TEST_HOST)";
				CODE_SIGN_STYLE = Automatic;
				INFOPLIST_FILE = IOSNordMidiMapperTests/Info.plist;
				IPHONEOS_DEPLOYMENT_TARGET = 14.0;
				LD_RUNPATH_SEARCH_PATHS = (
					"$(inherited)",
					"@executable_path/Frameworks",
					"@loader_path/Frameworks",
				);
				PRODUCT_BUNDLE_IDENTIFIER = de.schroederonline.IOSNordMidiMapperTests;
				PRODUCT_NAME = "$(TARGET_NAME)";
				SWIFT_VERSION = 5.0;
				TARGETED_DEVICE_FAMILY = "1,2";
				TEST_HOST = "$(BUILT_PRODUCTS_DIR)/IOSNordMidiMapper.app/IOSNordMidiMapper";
			};
			name = Release;
		};
		1F7516AF26223C5B0015A8EF /* Debug */ = {
			isa = XCBuildConfiguration;
			buildSettings = {
				ALWAYS_EMBED_SWIFT_STANDARD_LIBRARIES = YES;
				CODE_SIGN_STYLE = Automatic;
				INFOPLIST_FILE = IOSNordMidiMapperUITests/Info.plist;
				LD_RUNPATH_SEARCH_PATHS = (
					"$(inherited)",
					"@executable_path/Frameworks",
					"@loader_path/Frameworks",
				);
				PRODUCT_BUNDLE_IDENTIFIER = de.schroederonline.IOSNordMidiMapperUITests;
				PRODUCT_NAME = "$(TARGET_NAME)";
				SWIFT_VERSION = 5.0;
				TARGETED_DEVICE_FAMILY = "1,2";
				TEST_TARGET_NAME = IOSNordMidiMapper;
			};
			name = Debug;
		};
		1F7516B026223C5B0015A8EF /* Release */ = {
			isa = XCBuildConfiguration;
			buildSettings = {
				ALWAYS_EMBED_SWIFT_STANDARD_LIBRARIES = YES;
				CODE_SIGN_STYLE = Automatic;
				INFOPLIST_FILE = IOSNordMidiMapperUITests/Info.plist;
				LD_RUNPATH_SEARCH_PATHS = (
					"$(inherited)",
					"@executable_path/Frameworks",
					"@loader_path/Frameworks",
				);
				PRODUCT_BUNDLE_IDENTIFIER = de.schroederonline.IOSNordMidiMapperUITests;
				PRODUCT_NAME = "$(TARGET_NAME)";
				SWIFT_VERSION = 5.0;
				TARGETED_DEVICE_FAMILY = "1,2";
				TEST_TARGET_NAME = IOSNordMidiMapper;
			};
			name = Release;
		};
/* End XCBuildConfiguration section */

/* Begin XCConfigurationList section */
		1F75167E26223C580015A8EF /* Build configuration list for PBXProject "IOSNordMidiMapper" */ = {
			isa = XCConfigurationList;
			buildConfigurations = (
				1F7516A626223C5B0015A8EF /* Debug */,
				1F7516A726223C5B0015A8EF /* Release */,
			);
			defaultConfigurationIsVisible = 0;
			defaultConfigurationName = Release;
		};
		1F7516A826223C5B0015A8EF /* Build configuration list for PBXNativeTarget "IOSNordMidiMapper" */ = {
			isa = XCConfigurationList;
			buildConfigurations = (
				1F7516A926223C5B0015A8EF /* Debug */,
				1F7516AA26223C5B0015A8EF /* Release */,
			);
			defaultConfigurationIsVisible = 0;
			defaultConfigurationName = Release;
		};
		1F7516AB26223C5B0015A8EF /* Build configuration list for PBXNativeTarget "IOSNordMidiMapperTests" */ = {
			isa = XCConfigurationList;
			buildConfigurations = (
				1F7516AC26223C5B0015A8EF /* Debug */,
				1F7516AD26223C5B0015A8EF /* Release */,
			);
			defaultConfigurationIsVisible = 0;
			defaultConfigurationName = Release;
		};
		1F7516AE26223C5B0015A8EF /* Build configuration list for PBXNativeTarget "IOSNordMidiMapperUITests" */ = {
			isa = XCConfigurationList;
			buildConfigurations = (
				1F7516AF26223C5B0015A8EF /* Debug */,
				1F7516B026223C5B0015A8EF /* Release */,
			);
			defaultConfigurationIsVisible = 0;
			defaultConfigurationName = Release;
		};
/* End XCConfigurationList section */
	};
	rootObject = 1F75167B26223C580015A8EF /* Project object */;
}
